
Microsoft Visual Studio Solution File, Format Version 12.00
# Visual Studio Version 16
VisualStudioVersion = 16.0.29519.87
MinimumVisualStudioVersion = 10.0.40219.1
Project("{FAE04EC0-301F-11D3-BF4B-00C04F79EFBC}") = "iPhoneHomeQuickActions.iOS", "iPhoneHomeQuickActions\iPhoneHomeQuickActions.iOS\iPhoneHomeQuickActions.iOS.csproj", "{A88DCD84-E532-48A2-9647-02F8A4BE32BB}"
EndProject
Project("{FAE04EC0-301F-11D3-BF4B-00C04F79EFBC}") = "iPhoneHomeQuickActions", "iPhoneHomeQuickActions\iPhoneHomeQuickActions\iPhoneHomeQuickActions.csproj", "{B93A37BF-248C-4BD9-A8DF-46CAC24EB38F}"
EndProject
Global
	GlobalSection(SolutionConfigurationPlatforms) = preSolution
		Debug|Any CPU = Debug|Any CPU
		Debug|iPhone = Debug|iPhone
		Debug|iPhoneSimulator = Debug|iPhoneSimulator
		Release|Any CPU = Release|Any CPU
		Release|iPhone = Release|iPhone
		Release|iPhoneSimulator = Release|iPhoneSimulator
	EndGlobalSection
	GlobalSection(ProjectConfigurationPlatforms) = postSolution
		{A88DCD84-E532-48A2-9647-02F8A4BE32BB}.Debug|Any CPU.ActiveCfg = Debug|iPhone
		{A88DCD84-E532-48A2-9647-02F8A4BE32BB}.Debug|Any CPU.Build.0 = Debug|iPhone
		{A88DCD84-E532-48A2-9647-02F8A4BE32BB}.Debug|Any CPU.Deploy.0 = Debug|iPhone
		{A88DCD84-E532-48A2-9647-02F8A4BE32BB}.Debug|iPhone.ActiveCfg = Debug|iPhone
		{A88DCD84-E532-48A2-9647-02F8A4BE32BB}.Debug|iPhone.Build.0 = Debug|iPhone
		{A88DCD84-E532-48A2-9647-02F8A4BE32BB}.Debug|iPhone.Deploy.0 = Debug|iPhone
		{A88DCD84-E532-48A2-9647-02F8A4BE32BB}.Debug|iPhoneSimulator.ActiveCfg = Debug|iPhoneSimulator
		{A88DCD84-E532-48A2-9647-02F8A4BE32BB}.Debug|iPhoneSimulator.Build.0 = Debug|iPhoneSimulator
		{A88DCD84-E532-48A2-9647-02F8A4BE32BB}.Debug|iPhoneSimulator.Deploy.0 = Debug|iPhoneSimulator
		{A88DCD84-E532-48A2-9647-02F8A4BE32BB}.Release|Any CPU.ActiveCfg = Release|iPhone
		{A88DCD84-E532-48A2-9647-02F8A4BE32BB}.Release|Any CPU.Build.0 = Release|iPhone
		{A88DCD84-E532-48A2-9647-02F8A4BE32BB}.Release|Any CPU.Deploy.0 = Release|iPhone
		{A88DCD84-E532-48A2-9647-02F8A4BE32BB}.Release|iPhone.ActiveCfg = Release|iPhone
		{A88DCD84-E532-48A2-9647-02F8A4BE32BB}.Release|iPhone.Build.0 = Release|iPhone
		{A88DCD84-E532-48A2-9647-02F8A4BE32BB}.Release|iPhone.Deploy.0 = Release|iPhone
		{A88DCD84-E532-48A2-9647-02F8A4BE32BB}.Release|iPhoneSimulator.ActiveCfg = Release|iPhoneSimulator
		{A88DCD84-E532-48A2-9647-02F8A4BE32BB}.Release|iPhoneSimulator.Build.0 = Release|iPhoneSimulator
		{A88DCD84-E532-48A2-9647-02F8A4BE32BB}.Release|iPhoneSimulator.Deploy.0 = Release|iPhoneSimulator
		{B93A37BF-248C-4BD9-A8DF-46CAC24EB38F}.Debug|Any CPU.ActiveCfg = Debug|Any CPU
		{B93A37BF-248C-4BD9-A8DF-46CAC24EB38F}.Debug|Any CPU.Build.0 = Debug|Any CPU
		{B93A37BF-248C-4BD9-A8DF-46CAC24EB38F}.Debug|Any CPU.Deploy.0 = Debug|Any CPU
		{B93A37BF-248C-4BD9-A8DF-46CAC24EB38F}.Debug|iPhone.ActiveCfg = Debug|Any CPU
		{B93A37BF-248C-4BD9-A8DF-46CAC24EB38F}.Debug|iPhone.Build.0 = Debug|Any CPU
		{B93A37BF-248C-4BD9-A8DF-46CAC24EB38F}.Debug|iPhone.Deploy.0 = Debug|Any CPU
		{B93A37BF-248C-4BD9-A8DF-46CAC24EB38F}.Debug|iPhoneSimulator.ActiveCfg = Debug|Any CPU
		{B93A37BF-248C-4BD9-A8DF-46CAC24EB38F}.Debug|iPhoneSimulator.Build.0 = Debug|Any CPU
		{B93A37BF-248C-4BD9-A8DF-46CAC24EB38F}.Debug|iPhoneSimulator.Deploy.0 = Debug|Any CPU
		{B93A37BF-248C-4BD9-A8DF-46CAC24EB38F}.Release|Any CPU.ActiveCfg = Release|Any CPU
		{B93A37BF-248C-4BD9-A8DF-46CAC24EB38F}.Release|Any CPU.Build.0 = Release|Any CPU
		{B93A37BF-248C-4BD9-A8DF-46CAC24EB38F}.Release|Any CPU.Deploy.0 = Release|Any CPU
		{B93A37BF-248C-4BD9-A8DF-46CAC24EB38F}.Release|iPhone.ActiveCfg = Release|Any CPU
		{B93A37BF-248C-4BD9-A8DF-46CAC24EB38F}.Release|iPhone.Build.0 = Release|Any CPU
		{B93A37BF-248C-4BD9-A8DF-46CAC24EB38F}.Release|iPhone.Deploy.0 = Release|Any CPU
		{B93A37BF-248C-4BD9-A8DF-46CAC24EB38F}.Release|iPhoneSimulator.ActiveCfg = Release|Any CPU
		{B93A37BF-248C-4BD9-A8DF-46CAC24EB38F}.Release|iPhoneSimulator.Build.0 = Release|Any CPU
		{B93A37BF-248C-4BD9-A8DF-46CAC24EB38F}.Release|iPhoneSimulator.Deploy.0 = Release|Any CPU
	EndGlobalSection
	GlobalSection(SolutionProperties) = preSolution
		HideSolutionNode = FALSE
	EndGlobalSection
	GlobalSection(ExtensibilityGlobals) = postSolution
		SolutionGuid = {BA67738F-76C6-4A52-8397-46C26563E421}
	EndGlobalSection
EndGlobal
